<?xml version="1.0" encoding="UTF-8"?>
<Scheme
   version = "1.3">
   <BuildAction>
      <BuildActionEntries>
         <BuildActionEntry
            buildForRunning = "YES">
            <BuildableReference
               BuildableIdentifier = "primary"
               BlueprintIdentifier = "5127DE7A25EE2EF8002935D2"
               BuildableName = "Preview_UIKit.app"
               BlueprintName = "Preview_UIKit"
               ReferencedContainer = "container:Preview_UIKit.xcodeproj">
            </BuildableReference>
         </BuildActionEntry>
      </BuildActionEntries>
   </BuildAction>
   <LaunchAction
      useCustomWorkingDirectory = "NO"
      buildConfiguration = "Debug"
      allowLocationSimulation = "YES">
      <BuildableProductRunnable>
         <BuildableReference
            BuildableIdentifier = "primary"
            BlueprintIdentifier = "5127DE7A25EE2EF8002935D2"
            BuildableName = "Preview_UIKit.app"
            BlueprintName = "Preview_UIKit"
            ReferencedContainer = "container:Preview_UIKit.xcodeproj">
         </BuildableReference>
      </BuildableProductRunnable>
   </LaunchAction>
</Scheme>
